
Microsoft Visual Studio Solution File, Format Version 12.00
# Visual Studio 15
VisualStudioVersion = 15.0.27130.2020
MinimumVisualStudioVersion = 10.0.40219.1
Project("{FAE04EC0-301F-11D3-BF4B-00C04F79EFBC}") = "MutexTest", "MutexTest\MutexTest.csproj", "{F998EB38-0C3E-48A0-B1A9-F3779DA803AC}"
EndProject
Global
	GlobalSection(SolutionConfigurationPlatforms) = preSolution
		Debug|Any CPU = Debug|Any CPU
		Release|Any CPU = Release|Any CPU
	EndGlobalSection
	GlobalSection(ProjectConfigurationPlatforms) = postSolution
		{F998EB38-0C3E-48A0-B1A9-F3779DA803AC}.Debug|Any CPU.ActiveCfg = Debug|Any CPU
		{F998EB38-0C3E-48A0-B1A9-F3779DA803AC}.Debug|Any CPU.Build.0 = Debug|Any CPU
		{F998EB38-0C3E-48A0-B1A9-F3779DA803AC}.Release|Any CPU.ActiveCfg = Release|Any CPU
		{F998EB38-0C3E-48A0-B1A9-F3779DA803AC}.Release|Any CPU.Build.0 = Release|Any CPU
	EndGlobalSection
	GlobalSection(SolutionProperties) = preSolution
		HideSolutionNode = FALSE
	EndGlobalSection
	GlobalSection(ExtensibilityGlobals) = postSolution
		SolutionGuid = {C6C172E5-8D0D-4B5F-9EE8-F148964F458C}
	EndGlobalSection
EndGlobal
