
Microsoft Visual Studio Solution File, Format Version 12.00
# Visual Studio 15
VisualStudioVersion = 15.0.27130.2020
MinimumVisualStudioVersion = 10.0.40219.1
Project("{FAE04EC0-301F-11D3-BF4B-00C04F79EFBC}") = "Threading2", "Threading2\Threading2.csproj", "{EE267F55-1B92-464A-94A5-F2A8E9BBC8AB}"
EndProject
Global
	GlobalSection(SolutionConfigurationPlatforms) = preSolution
		Debug|Any CPU = Debug|Any CPU
		Release|Any CPU = Release|Any CPU
	EndGlobalSection
	GlobalSection(ProjectConfigurationPlatforms) = postSolution
		{EE267F55-1B92-464A-94A5-F2A8E9BBC8AB}.Debug|Any CPU.ActiveCfg = Debug|Any CPU
		{EE267F55-1B92-464A-94A5-F2A8E9BBC8AB}.Debug|Any CPU.Build.0 = Debug|Any CPU
		{EE267F55-1B92-464A-94A5-F2A8E9BBC8AB}.Release|Any CPU.ActiveCfg = Release|Any CPU
		{EE267F55-1B92-464A-94A5-F2A8E9BBC8AB}.Release|Any CPU.Build.0 = Release|Any CPU
	EndGlobalSection
	GlobalSection(SolutionProperties) = preSolution
		HideSolutionNode = FALSE
	EndGlobalSection
	GlobalSection(ExtensibilityGlobals) = postSolution
		SolutionGuid = {3E2CB078-1BBB-4247-8F09-BDB762E4CA19}
	EndGlobalSection
EndGlobal
