
Microsoft Visual Studio Solution File, Format Version 12.00
# Visual Studio 15
VisualStudioVersion = 15.0.27130.2020
MinimumVisualStudioVersion = 10.0.40219.1
Project("{FAE04EC0-301F-11D3-BF4B-00C04F79EFBC}") = "MultiThreading", "MultiThreading\MultiThreading.csproj", "{A993EA38-7BD4-4913-8655-57944C9D57FC}"
EndProject
Global
	GlobalSection(SolutionConfigurationPlatforms) = preSolution
		Debug|Any CPU = Debug|Any CPU
		Release|Any CPU = Release|Any CPU
	EndGlobalSection
	GlobalSection(ProjectConfigurationPlatforms) = postSolution
		{A993EA38-7BD4-4913-8655-57944C9D57FC}.Debug|Any CPU.ActiveCfg = Debug|Any CPU
		{A993EA38-7BD4-4913-8655-57944C9D57FC}.Debug|Any CPU.Build.0 = Debug|Any CPU
		{A993EA38-7BD4-4913-8655-57944C9D57FC}.Release|Any CPU.ActiveCfg = Release|Any CPU
		{A993EA38-7BD4-4913-8655-57944C9D57FC}.Release|Any CPU.Build.0 = Release|Any CPU
	EndGlobalSection
	GlobalSection(SolutionProperties) = preSolution
		HideSolutionNode = FALSE
	EndGlobalSection
	GlobalSection(ExtensibilityGlobals) = postSolution
		SolutionGuid = {492ADC64-7EF8-4153-A389-2C44A28A4360}
	EndGlobalSection
EndGlobal
