
Microsoft Visual Studio Solution File, Format Version 12.00
# Visual Studio 15
VisualStudioVersion = 15.0.27130.2020
MinimumVisualStudioVersion = 10.0.40219.1
Project("{FAE04EC0-301F-11D3-BF4B-00C04F79EFBC}") = "ProducerConsumer", "ProducerConsumer\ProducerConsumer.csproj", "{743CA25A-9BA1-4F12-B202-FB01B83282B5}"
EndProject
Global
	GlobalSection(SolutionConfigurationPlatforms) = preSolution
		Debug|Any CPU = Debug|Any CPU
		Release|Any CPU = Release|Any CPU
	EndGlobalSection
	GlobalSection(ProjectConfigurationPlatforms) = postSolution
		{743CA25A-9BA1-4F12-B202-FB01B83282B5}.Debug|Any CPU.ActiveCfg = Debug|Any CPU
		{743CA25A-9BA1-4F12-B202-FB01B83282B5}.Debug|Any CPU.Build.0 = Debug|Any CPU
		{743CA25A-9BA1-4F12-B202-FB01B83282B5}.Release|Any CPU.ActiveCfg = Release|Any CPU
		{743CA25A-9BA1-4F12-B202-FB01B83282B5}.Release|Any CPU.Build.0 = Release|Any CPU
	EndGlobalSection
	GlobalSection(SolutionProperties) = preSolution
		HideSolutionNode = FALSE
	EndGlobalSection
	GlobalSection(ExtensibilityGlobals) = postSolution
		SolutionGuid = {A7CA2DC3-D51F-4148-877C-31B6EFBB31E3}
	EndGlobalSection
EndGlobal
