
Microsoft Visual Studio Solution File, Format Version 12.00
# Visual Studio 15
VisualStudioVersion = 15.0.27130.2020
MinimumVisualStudioVersion = 10.0.40219.1
Project("{FAE04EC0-301F-11D3-BF4B-00C04F79EFBC}") = "ThreadPooling", "ThreadPooling\ThreadPooling.csproj", "{76E5E84F-AF7F-4D73-B2C8-1BC9CD9058A3}"
EndProject
Global
	GlobalSection(SolutionConfigurationPlatforms) = preSolution
		Debug|Any CPU = Debug|Any CPU
		Release|Any CPU = Release|Any CPU
	EndGlobalSection
	GlobalSection(ProjectConfigurationPlatforms) = postSolution
		{76E5E84F-AF7F-4D73-B2C8-1BC9CD9058A3}.Debug|Any CPU.ActiveCfg = Debug|Any CPU
		{76E5E84F-AF7F-4D73-B2C8-1BC9CD9058A3}.Debug|Any CPU.Build.0 = Debug|Any CPU
		{76E5E84F-AF7F-4D73-B2C8-1BC9CD9058A3}.Release|Any CPU.ActiveCfg = Release|Any CPU
		{76E5E84F-AF7F-4D73-B2C8-1BC9CD9058A3}.Release|Any CPU.Build.0 = Release|Any CPU
	EndGlobalSection
	GlobalSection(SolutionProperties) = preSolution
		HideSolutionNode = FALSE
	EndGlobalSection
	GlobalSection(ExtensibilityGlobals) = postSolution
		SolutionGuid = {749C709B-A97A-4914-8DE0-E094CE08E340}
	EndGlobalSection
EndGlobal
